// !$*UTF8*$!
{
	archiveVersion = 1;
	classes = {
	};
	objectVersion = 50;
	objects = {

/* Begin PBXBuildFile section */
		DF11A5E824010F5C00473843 /* AppDelegate.swift in Sources */ = {isa = PBXBuildFile; fileRef = DF11A5E724010F5C00473843 /* AppDelegate.swift */; };
		DF11A5EC24010F5C00473843 /* FeaturedAppsController.swift in Sources */ = {isa = PBXBuildFile; fileRef = DF11A5EB24010F5C00473843 /* FeaturedAppsController.swift */; };
		DF11A5F124010F5F00473843 /* Assets.xcassets in Resources */ = {isa = PBXBuildFile; fileRef = DF11A5F024010F5F00473843 /* Assets.xcassets */; };
		DF11A5F424010F5F00473843 /* LaunchScreen.storyboard in Resources */ = {isa = PBXBuildFile; fileRef = DF11A5F224010F5F00473843 /* LaunchScreen.storyboard */; };
		DF11A5FC24014DA500473843 /* CategoryCell.swift in Sources */ = {isa = PBXBuildFile; fileRef = DF11A5FB24014DA500473843 /* CategoryCell.swift */; };
		DF11A5FE240158A800473843 /* AppCell.swift in Sources */ = {isa = PBXBuildFile; fileRef = DF11A5FD240158A800473843 /* AppCell.swift */; };
		DF11A60024016BCF00473843 /* Models.swift in Sources */ = {isa = PBXBuildFile; fileRef = DF11A5FF24016BCF00473843 /* Models.swift */; };
/* End PBXBuildFile section */

/* Begin PBXFileReference section */
		DF11A5E424010F5C00473843 /* AppStoreRecreated.app */ = {isa = PBXFileReference; explicitFileType = wrapper.application; includeInIndex = 0; path = AppStoreRecreated.app; sourceTree = BUILT_PRODUCTS_DIR; };
		DF11A5E724010F5C00473843 /* AppDelegate.swift */ = {isa = PBXFileReference; lastKnownFileType = sourcecode.swift; path = AppDelegate.swift; sourceTree = "<group>"; };
		DF11A5EB24010F5C00473843 /* FeaturedAppsController.swift */ = {isa = PBXFileReference; lastKnownFileType = sourcecode.swift; path = FeaturedAppsController.swift; sourceTree = "<group>"; };
		DF11A5F024010F5F00473843 /* Assets.xcassets */ = {isa = PBXFileReference; lastKnownFileType = folder.assetcatalog; path = Assets.xcassets; sourceTree = "<group>"; };
		DF11A5F324010F5F00473843 /* Base */ = {isa = PBXFileReference; lastKnownFileType = file.storyboard; name = Base; path = Base.lproj/LaunchScreen.storyboard; sourceTree = "<group>"; };
		DF11A5F524010F5F00473843 /* Info.plist */ = {isa = PBXFileReference; lastKnownFileType = text.plist.xml; path = Info.plist; sourceTree = "<group>"; };
		DF11A5FB24014DA500473843 /* CategoryCell.swift */ = {isa = PBXFileReference; lastKnownFileType = sourcecode.swift; path = CategoryCell.swift; sourceTree = "<group>"; };
		DF11A5FD240158A800473843 /* AppCell.swift */ = {isa = PBXFileReference; lastKnownFileType = sourcecode.swift; path = AppCell.swift; sourceTree = "<group>"; };
		DF11A5FF24016BCF00473843 /* Models.swift */ = {isa = PBXFileReference; lastKnownFileType = sourcecode.swift; path = Models.swift; sourceTree = "<group>"; };
/* End PBXFileReference section */

/* Begin PBXFrameworksBuildPhase section */
		DF11A5E124010F5C00473843 /* Frameworks */ = {
			isa = PBXFrameworksBuildPhase;
			buildActionMask = 2147483647;
			files = (
			);
			runOnlyForDeploymentPostprocessing = 0;
		};
/* End PBXFrameworksBuildPhase section */

/* Begin PBXGroup section */
		DF11A5DB24010F5C00473843 = {
			isa = PBXGroup;
			children = (
				DF11A5E624010F5C00473843 /* AppStoreRecreated */,
				DF11A5E524010F5C00473843 /* Products */,
			);
			sourceTree = "<group>";
		};
		DF11A5E524010F5C00473843 /* Products */ = {
			isa = PBXGroup;
			children = (
				DF11A5E424010F5C00473843 /* AppStoreRecreated.app */,
			);
			name = Products;
			sourceTree = "<group>";
		};
		DF11A5E624010F5C00473843 /* AppStoreRecreated */ = {
			isa = PBXGroup;
			children = (
				DF11A5E724010F5C00473843 /* AppDelegate.swift */,
				DF11A5EB24010F5C00473843 /* FeaturedAppsController.swift */,
				DF11A5F024010F5F00473843 /* Assets.xcassets */,
				DF11A5F224010F5F00473843 /* LaunchScreen.storyboard */,
				DF11A5F524010F5F00473843 /* Info.plist */,
				DF11A5FB24014DA500473843 /* CategoryCell.swift */,
				DF11A5FD240158A800473843 /* AppCell.swift */,
				DF11A5FF24016BCF00473843 /* Models.swift */,
			);
			path = AppStoreRecreated;
			sourceTree = "<group>";
		};
/* End PBXGroup section */

/* Begin PBXNativeTarget section */
		DF11A5E324010F5C00473843 /* AppStoreRecreated */ = {
			isa = PBXNativeTarget;
			buildConfigurationList = DF11A5F824010F5F00473843 /* Build configuration list for PBXNativeTarget "AppStoreRecreated" */;
			buildPhases = (
				DF11A5E024010F5C00473843 /* Sources */,
				DF11A5E124010F5C00473843 /* Frameworks */,
				DF11A5E224010F5C00473843 /* Resources */,
			);
			buildRules = (
			);
			dependencies = (
			);
			name = AppStoreRecreated;
			productName = AppStoreRecreated;
			productReference = DF11A5E424010F5C00473843 /* AppStoreRecreated.app */;
			productType = "com.apple.product-type.application";
		};
/* End PBXNativeTarget section */

/* Begin PBXProject section */
		DF11A5DC24010F5C00473843 /* Project object */ = {
			isa = PBXProject;
			attributes = {
				LastSwiftUpdateCheck = 1130;
				LastUpgradeCheck = 1130;
				ORGANIZATIONNAME = "Shivam Choudhary";
				TargetAttributes = {
					DF11A5E324010F5C00473843 = {
						CreatedOnToolsVersion = 11.3.1;
					};
				};
			};
			buildConfigurationList = DF11A5DF24010F5C00473843 /* Build configuration list for PBXProject "AppStoreRecreated" */;
			compatibilityVersion = "Xcode 9.3";
			developmentRegion = en;
			hasScannedForEncodings = 0;
			knownRegions = (
				en,
				Base,
			);
			mainGroup = DF11A5DB24010F5C00473843;
			productRefGroup = DF11A5E524010F5C00473843 /* Products */;
			projectDirPath = "";
			projectRoot = "";
			targets = (
				DF11A5E324010F5C00473843 /* AppStoreRecreated */,
			);
		};
/* End PBXProject section */

/* Begin PBXResourcesBuildPhase section */
		DF11A5E224010F5C00473843 /* Resources */ = {
			isa = PBXResourcesBuildPhase;
			buildActionMask = 2147483647;
			files = (
				DF11A5F424010F5F00473843 /* LaunchScreen.storyboard in Resources */,
				DF11A5F124010F5F00473843 /* Assets.xcassets in Resources */,
			);
			runOnlyForDeploymentPostprocessing = 0;
		};
/* End PBXResourcesBuildPhase section */

/* Begin PBXSourcesBuildPhase section */
		DF11A5E024010F5C00473843 /* Sources */ = {
			isa = PBXSourcesBuildPhase;
			buildActionMask = 2147483647;
			files = (
				DF11A5EC24010F5C00473843 /* FeaturedAppsController.swift in Sources */,
				DF11A5FE240158A800473843 /* AppCell.swift in Sources */,
				DF11A5E824010F5C00473843 /* AppDelegate.swift in Sources */,
				DF11A5FC24014DA500473843 /* CategoryCell.swift in Sources */,
				DF11A60024016BCF00473843 /* Models.swift in Sources */,
			);
			runOnlyForDeploymentPostprocessing = 0;
		};
/* End PBXSourcesBuildPhase section */

/* Begin PBXVariantGroup section */
		DF11A5F224010F5F00473843 /* LaunchScreen.storyboard */ = {
			isa = PBXVariantGroup;
			children = (
				DF11A5F324010F5F00473843 /* Base */,
			);
			name = LaunchScreen.storyboard;
			sourceTree = "<group>";
		};
/* End PBXVariantGroup section */

/* Begin XCBuildConfiguration section */
		DF11A5F624010F5F00473843 /* Debug */ = {
			isa = XCBuildConfiguration;
			buildSettings = {
				ALWAYS_SEARCH_USER_PATHS = NO;
				CLANG_ANALYZER_NONNULL = YES;
				CLANG_ANALYZER_NUMBER_OBJECT_CONVERSION = YES_AGGRESSIVE;
				CLANG_CXX_LANGUAGE_STANDARD = "gnu++14";
				CLANG_CXX_LIBRARY = "libc++";
				CLANG_ENABLE_MODULES = YES;
				CLANG_ENABLE_OBJC_ARC = YES;
				CLANG_ENABLE_OBJC_WEAK = YES;
				CLANG_WARN_BLOCK_CAPTURE_AUTORELEASING = YES;
				CLANG_WARN_BOOL_CONVERSION = YES;
				CLANG_WARN_COMMA = YES;
				CLANG_WARN_CONSTANT_CONVERSION = YES;
				CLANG_WARN_DEPRECATED_OBJC_IMPLEMENTATIONS = YES;
				CLANG_WARN_DIRECT_OBJC_ISA_USAGE = YES_ERROR;
				CLANG_WARN_DOCUMENTATION_COMMENTS = YES;
				CLANG_WARN_EMPTY_BODY = YES;
				CLANG_WARN_ENUM_CONVERSION = YES;
				CLANG_WARN_INFINITE_RECURSION = YES;
				CLANG_WARN_INT_CONVERSION = YES;
				CLANG_WARN_NON_LITERAL_NULL_CONVERSION = YES;
				CLANG_WARN_OBJC_IMPLICIT_RETAIN_SELF = YES;
				CLANG_WARN_OBJC_LITERAL_CONVERSION = YES;
				CLANG_WARN_OBJC_ROOT_CLASS = YES_ERROR;
				CLANG_WARN_RANGE_LOOP_ANALYSIS = YES;
				CLANG_WARN_STRICT_PROTOTYPES = YES;
				CLANG_WARN_SUSPICIOUS_MOVE = YES;
				CLANG_WARN_UNGUARDED_AVAILABILITY = YES_AGGRESSIVE;
				CLANG_WARN_UNREACHABLE_CODE = YES;
				CLANG_WARN__DUPLICATE_METHOD_MATCH = YES;
				COPY_PHASE_STRIP = NO;
				DEBUG_INFORMATION_FORMAT = dwarf;
				ENABLE_STRICT_OBJC_MSGSEND = YES;
				ENABLE_TESTABILITY = YES;
				GCC_C_LANGUAGE_STANDARD = gnu11;
				GCC_DYNAMIC_NO_PIC = NO;
				GCC_NO_COMMON_BLOCKS = YES;
				GCC_OPTIMIZATION_LEVEL = 0;
				GCC_PREPROCESSOR_DEFINITIONS = (
					"DEBUG=1",
					"$(inherited)",
				);
				GCC_WARN_64_TO_32_BIT_CONVERSION = YES;
				GCC_WARN_ABOUT_RETURN_TYPE = YES_ERROR;
				GCC_WARN_UNDECLARED_SELECTOR = YES;
				GCC_WARN_UNINITIALIZED_AUTOS = YES_AGGRESSIVE;
				GCC_WARN_UNUSED_FUNCTION = YES;
				GCC_WARN_UNUSED_VARIABLE = YES;
				IPHONEOS_DEPLOYMENT_TARGET = 13.2;
				MTL_ENABLE_DEBUG_INFO = INCLUDE_SOURCE;
				MTL_FAST_MATH = YES;
				ONLY_ACTIVE_ARCH = YES;
				SDKROOT = iphoneos;
				SWIFT_ACTIVE_COMPILATION_CONDITIONS = DEBUG;
				SWIFT_OPTIMIZATION_LEVEL = "-Onone";
			};
			name = Debug;
		};
		DF11A5F724010F5F00473843 /* Release */ = {
			isa = XCBuildConfiguration;
			buildSettings = {
				ALWAYS_SEARCH_USER_PATHS = NO;
				CLANG_ANALYZER_NONNULL = YES;
				CLANG_ANALYZER_NUMBER_OBJECT_CONVERSION = YES_AGGRESSIVE;
				CLANG_CXX_LANGUAGE_STANDARD = "gnu++14";
				CLANG_CXX_LIBRARY = "libc++";
				CLANG_ENABLE_MODULES = YES;
				CLANG_ENABLE_OBJC_ARC = YES;
				CLANG_ENABLE_OBJC_WEAK = YES;
				CLANG_WARN_BLOCK_CAPTURE_AUTORELEASING = YES;
				CLANG_WARN_BOOL_CONVERSION = YES;
				CLANG_WARN_COMMA = YES;
				CLANG_WARN_CONSTANT_CONVERSION = YES;
				CLANG_WARN_DEPRECATED_OBJC_IMPLEMENTATIONS = YES;
				CLANG_WARN_DIRECT_OBJC_ISA_USAGE = YES_ERROR;
				CLANG_WARN_DOCUMENTATION_COMMENTS = YES;
				CLANG_WARN_EMPTY_BODY = YES;
				CLANG_WARN_ENUM_CONVERSION = YES;
				CLANG_WARN_INFINITE_RECURSION = YES;
				CLANG_WARN_INT_CONVERSION = YES;
				CLANG_WARN_NON_LITERAL_NULL_CONVERSION = YES;
				CLANG_WARN_OBJC_IMPLICIT_RETAIN_SELF = YES;
				CLANG_WARN_OBJC_LITERAL_CONVERSION = YES;
				CLANG_WARN_OBJC_ROOT_CLASS = YES_ERROR;
				CLANG_WARN_RANGE_LOOP_ANALYSIS = YES;
				CLANG_WARN_STRICT_PROTOTYPES = YES;
				CLANG_WARN_SUSPICIOUS_MOVE = YES;
				CLANG_WARN_UNGUARDED_AVAILABILITY = YES_AGGRESSIVE;
				CLANG_WARN_UNREACHABLE_CODE = YES;
				CLANG_WARN__DUPLICATE_METHOD_MATCH = YES;
				COPY_PHASE_STRIP = NO;
				DEBUG_INFORMATION_FORMAT = "dwarf-with-dsym";
				ENABLE_NS_ASSERTIONS = NO;
				ENABLE_STRICT_OBJC_MSGSEND = YES;
				GCC_C_LANGUAGE_STANDARD = gnu11;
				GCC_NO_COMMON_BLOCKS = YES;
				GCC_WARN_64_TO_32_BIT_CONVERSION = YES;
				GCC_WARN_ABOUT_RETURN_TYPE = YES_ERROR;
				GCC_WARN_UNDECLARED_SELECTOR = YES;
				GCC_WARN_UNINITIALIZED_AUTOS = YES_AGGRESSIVE;
				GCC_WARN_UNUSED_FUNCTION = YES;
				GCC_WARN_UNUSED_VARIABLE = YES;
				IPHONEOS_DEPLOYMENT_TARGET = 13.2;
				MTL_ENABLE_DEBUG_INFO = NO;
				MTL_FAST_MATH = YES;
				SDKROOT = iphoneos;
				SWIFT_COMPILATION_MODE = wholemodule;
				SWIFT_OPTIMIZATION_LEVEL = "-O";
				VALIDATE_PRODUCT = YES;
			};
			name = Release;
		};
		DF11A5F924010F5F00473843 /* Debug */ = {
			isa = XCBuildConfiguration;
			buildSettings = {
				ASSETCATALOG_COMPILER_APPICON_NAME = AppIcon;
				CODE_SIGN_STYLE = Automatic;
				DEVELOPMENT_TEAM = 93989982S3;
				INFOPLIST_FILE = AppStoreRecreated/Info.plist;
				LD_RUNPATH_SEARCH_PATHS = (
					"$(inherited)",
					"@executable_path/Frameworks",
				);
				PRODUCT_BUNDLE_IDENTIFIER = com.coviam.AppStoreRecreated;
				PRODUCT_NAME = "$(TARGET_NAME)";
				SWIFT_VERSION = 5.0;
				TARGETED_DEVICE_FAMILY = "1,2";
			};
			name = Debug;
		};
		DF11A5FA24010F5F00473843 /* Release */ = {
			isa = XCBuildConfiguration;
			buildSettings = {
				ASSETCATALOG_COMPILER_APPICON_NAME = AppIcon;
				CODE_SIGN_STYLE = Automatic;
				DEVELOPMENT_TEAM = 93989982S3;
				INFOPLIST_FILE = AppStoreRecreated/Info.plist;
				LD_RUNPATH_SEARCH_PATHS = (
					"$(inherited)",
					"@executable_path/Frameworks",
				);
				PRODUCT_BUNDLE_IDENTIFIER = com.coviam.AppStoreRecreated;
				PRODUCT_NAME = "$(TARGET_NAME)";
				SWIFT_VERSION = 5.0;
				TARGETED_DEVICE_FAMILY = "1,2";
			};
			name = Release;
		};
/* End XCBuildConfiguration section */

/* Begin XCConfigurationList section */
		DF11A5DF24010F5C00473843 /* Build configuration list for PBXProject "AppStoreRecreated" */ = {
			isa = XCConfigurationList;
			buildConfigurations = (
				DF11A5F624010F5F00473843 /* Debug */,
				DF11A5F724010F5F00473843 /* Release */,
			);
			defaultConfigurationIsVisible = 0;
			defaultConfigurationName = Release;
		};
		DF11A5F824010F5F00473843 /* Build configuration list for PBXNativeTarget "AppStoreRecreated" */ = {
			isa = XCConfigurationList;
			buildConfigurations = (
				DF11A5F924010F5F00473843 /* Debug */,
				DF11A5FA24010F5F00473843 /* Release */,
			);
			defaultConfigurationIsVisible = 0;
			defaultConfigurationName = Release;
		};
/* End XCConfigurationList section */
	};
	rootObject = DF11A5DC24010F5C00473843 /* Project object */;
}
